
Microsoft Visual Studio Solution File, Format Version 12.00
# Visual Studio Version 17
VisualStudioVersion = 17.11.35312.102
MinimumVisualStudioVersion = 10.0.40219.1
Project("{FAE04EC0-301F-11D3-BF4B-00C04F79EFBC}") = "Buckshot Roulette", "Buckshot Roulette\Buckshot Roulette.csproj", "{E1051B4E-C80A-47B2-BFC0-C3B86CC8FA6F}"
EndProject
Global
	GlobalSection(SolutionConfigurationPlatforms) = preSolution
		Debug|Any CPU = Debug|Any CPU
		Release|Any CPU = Release|Any CPU
	EndGlobalSection
	GlobalSection(ProjectConfigurationPlatforms) = postSolution
		{E1051B4E-C80A-47B2-BFC0-C3B86CC8FA6F}.Debug|Any CPU.ActiveCfg = Debug|Any CPU
		{E1051B4E-C80A-47B2-BFC0-C3B86CC8FA6F}.Debug|Any CPU.Build.0 = Debug|Any CPU
		{E1051B4E-C80A-47B2-BFC0-C3B86CC8FA6F}.Release|Any CPU.ActiveCfg = Release|Any CPU
		{E1051B4E-C80A-47B2-BFC0-C3B86CC8FA6F}.Release|Any CPU.Build.0 = Release|Any CPU
	EndGlobalSection
	GlobalSection(SolutionProperties) = preSolution
		HideSolutionNode = FALSE
	EndGlobalSection
	GlobalSection(ExtensibilityGlobals) = postSolution
		SolutionGuid = {C663355E-9B54-4EFB-A97A-DD573F2F2481}
	EndGlobalSection
EndGlobal
